// !$*UTF8*$!
{
	archiveVersion = 1;
	classes = {
	};
	objectVersion = 56;
	objects = {

/* Begin PBXBuildFile section */
		041660043779A511266C7A25 /* StationTests.swift in Sources */ = {isa = PBXBuildFile; fileRef = A4E9BBFE5138AB04AD97494C /* StationTests.swift */; };
		07097FD17AA7BAFDAFB1EC07 /* NamiAppTests.swift in Sources */ = {isa = PBXBuildFile; fileRef = BAEB6E6FCC1E45361860DA29 /* NamiAppTests.swift */; };
		4F49F5B6F1EC6561AC0D2526 /* RadioPlayerTests.swift in Sources */ = {isa = PBXBuildFile; fileRef = DCF446DE2365522BFC3385FB /* RadioPlayerTests.swift */; };
		6873B6114D0068DEC199F075 /* AppStateTests.swift in Sources */ = {isa = PBXBuildFile; fileRef = 500B7D6BEE0D6EEC0B4D03F6 /* AppStateTests.swift */; };
		6B979B96C05A6999A5526221 /* Cocoa.framework in Frameworks */ = {isa = PBXBuildFile; fileRef = 9BEF01093A2E91907A83A2F5 /* Cocoa.framework */; };
		7DE06E88949C144C441431A3 /* Cocoa.framework in Frameworks */ = {isa = PBXBuildFile; fileRef = 9BEF01093A2E91907A83A2F5 /* Cocoa.framework */; };
		9E69FAC74095EE99D9295117 /* AppStateTests.swift in Sources */ = {isa = PBXBuildFile; fileRef = E1B808EB29CB22F206305F6C /* AppStateTests.swift */; };
		A1000001238F00001 /* NamiApp.swift in Sources */ = {isa = PBXBuildFile; fileRef = A1000001238F00011 /* NamiApp.swift */; };
		A1000001238F00002 /* AppState.swift in Sources */ = {isa = PBXBuildFile; fileRef = A1000001238F00012 /* AppState.swift */; };
		A1000001238F00003 /* RadioPlayer.swift in Sources */ = {isa = PBXBuildFile; fileRef = A1000001238F00013 /* RadioPlayer.swift */; };
		A1000001238F00004 /* ContentView.swift in Sources */ = {isa = PBXBuildFile; fileRef = A1000001238F00014 /* ContentView.swift */; };
		A1000001238F00006 /* Assets.xcassets in Resources */ = {isa = PBXBuildFile; fileRef = A1000001238F00016 /* Assets.xcassets */; };
		A1000001238F00007 /* Station.swift in Sources */ = {isa = PBXBuildFile; fileRef = A1000001238F00018 /* Station.swift */; };
		A2DC05661CA790CFA871C01C /* StationTests.swift in Sources */ = {isa = PBXBuildFile; fileRef = 2DB7EAE0A30B3CB88A83141E /* StationTests.swift */; };
		C996733EA9EFA680B868C3C4 /* RadioPlayerTests.swift in Sources */ = {isa = PBXBuildFile; fileRef = 19EE1A3BF33D61BC5BDD76AA /* RadioPlayerTests.swift */; };
		D58222E7FB8CEEC85116B5D1 /* NamiAppTests.swift in Sources */ = {isa = PBXBuildFile; fileRef = E678A249627B4244E43BD6C9 /* NamiAppTests.swift */; };
/* End PBXBuildFile section */

/* Begin PBXContainerItemProxy section */
		2FE2A20CDD94CEB13E6960EE /* PBXContainerItemProxy */ = {
			isa = PBXContainerItemProxy;
			containerPortal = A1000001238F00050 /* Project object */;
			proxyType = 1;
			remoteGlobalIDString = A1000001238F00040;
			remoteInfo = Nami;
		};
		362C20BA40981C2B0BD0D27A /* PBXContainerItemProxy */ = {
			isa = PBXContainerItemProxy;
			containerPortal = A1000001238F00050 /* Project object */;
			proxyType = 1;
			remoteGlobalIDString = A1000001238F00040;
			remoteInfo = Nami;
		};
/* End PBXContainerItemProxy section */

/* Begin PBXFileReference section */
		197B328ABB09A8ADBA0C8ED2 /* NamiTests.xctest */ = {isa = PBXFileReference; explicitFileType = wrapper.cfbundle; includeInIndex = 0; path = NamiTests.xctest; sourceTree = BUILT_PRODUCTS_DIR; };
		19EE1A3BF33D61BC5BDD76AA /* RadioPlayerTests.swift */ = {isa = PBXFileReference; includeInIndex = 1; lastKnownFileType = sourcecode.swift; path = RadioPlayerTests.swift; sourceTree = "<group>"; };
		2B05E1AA2493957B2AF4EEF9 /* NamiTests.xctest */ = {isa = PBXFileReference; explicitFileType = wrapper.cfbundle; includeInIndex = 0; path = NamiTests.xctest; sourceTree = BUILT_PRODUCTS_DIR; };
		2D4AC98D0A20665E65B5AD45 /* NamiTests.xctest */ = {isa = PBXFileReference; explicitFileType = wrapper.cfbundle; includeInIndex = 0; path = NamiTests.xctest; sourceTree = BUILT_PRODUCTS_DIR; };
		2DB7EAE0A30B3CB88A83141E /* StationTests.swift */ = {isa = PBXFileReference; includeInIndex = 1; lastKnownFileType = sourcecode.swift; path = StationTests.swift; sourceTree = "<group>"; };
		3A9D625C5793876D20CBCA6F /* NamiTests.xctest */ = {isa = PBXFileReference; explicitFileType = wrapper.cfbundle; includeInIndex = 0; path = NamiTests.xctest; sourceTree = BUILT_PRODUCTS_DIR; };
		3EBBD69825021706B31A9B9A /* NamiTests.xctest */ = {isa = PBXFileReference; explicitFileType = wrapper.cfbundle; includeInIndex = 0; path = NamiTests.xctest; sourceTree = BUILT_PRODUCTS_DIR; };
		500B7D6BEE0D6EEC0B4D03F6 /* AppStateTests.swift */ = {isa = PBXFileReference; includeInIndex = 1; lastKnownFileType = sourcecode.swift; path = AppStateTests.swift; sourceTree = "<group>"; };
		50142BB5077EA5A4587CC3D4 /* NamiTests.xctest */ = {isa = PBXFileReference; explicitFileType = wrapper.cfbundle; includeInIndex = 0; path = NamiTests.xctest; sourceTree = BUILT_PRODUCTS_DIR; };
		55182EB17ED23E28205F0E86 /* NamiTests.xctest */ = {isa = PBXFileReference; explicitFileType = wrapper.cfbundle; includeInIndex = 0; path = NamiTests.xctest; sourceTree = BUILT_PRODUCTS_DIR; };
		5C9CB0809CD7BBDD720AE6EE /* NamiTests.xctest */ = {isa = PBXFileReference; explicitFileType = wrapper.cfbundle; includeInIndex = 0; path = NamiTests.xctest; sourceTree = BUILT_PRODUCTS_DIR; };
		702452B03784E23B6F7F7ABD /* NamiTests.xctest */ = {isa = PBXFileReference; explicitFileType = wrapper.cfbundle; includeInIndex = 0; path = NamiTests.xctest; sourceTree = BUILT_PRODUCTS_DIR; };
		89716ABC7B83341F6EDC1683 /* NamiTests.xctest */ = {isa = PBXFileReference; explicitFileType = wrapper.cfbundle; includeInIndex = 0; path = NamiTests.xctest; sourceTree = BUILT_PRODUCTS_DIR; };
		9BEF01093A2E91907A83A2F5 /* Cocoa.framework */ = {isa = PBXFileReference; lastKnownFileType = wrapper.framework; name = Cocoa.framework; path = Platforms/MacOSX.platform/Developer/SDKs/MacOSX15.0.sdk/System/Library/Frameworks/Cocoa.framework; sourceTree = DEVELOPER_DIR; };
		A1000001238F00010 /* Nami.app */ = {isa = PBXFileReference; explicitFileType = wrapper.application; includeInIndex = 0; path = Nami.app; sourceTree = BUILT_PRODUCTS_DIR; };
		A1000001238F00011 /* NamiApp.swift */ = {isa = PBXFileReference; lastKnownFileType = sourcecode.swift; path = NamiApp.swift; sourceTree = "<group>"; };
		A1000001238F00012 /* AppState.swift */ = {isa = PBXFileReference; lastKnownFileType = sourcecode.swift; path = AppState.swift; sourceTree = "<group>"; };
		A1000001238F00013 /* RadioPlayer.swift */ = {isa = PBXFileReference; lastKnownFileType = sourcecode.swift; path = RadioPlayer.swift; sourceTree = "<group>"; };
		A1000001238F00014 /* ContentView.swift */ = {isa = PBXFileReference; lastKnownFileType = sourcecode.swift; path = ContentView.swift; sourceTree = "<group>"; };
		A1000001238F00016 /* Assets.xcassets */ = {isa = PBXFileReference; lastKnownFileType = folder.assetcatalog; path = Assets.xcassets; sourceTree = "<group>"; };
		A1000001238F00017 /* Info.plist */ = {isa = PBXFileReference; lastKnownFileType = text.plist.xml; path = Info.plist; sourceTree = "<group>"; };
		A1000001238F00018 /* Station.swift */ = {isa = PBXFileReference; lastKnownFileType = sourcecode.swift; path = Station.swift; sourceTree = "<group>"; };
		A4E9BBFE5138AB04AD97494C /* StationTests.swift */ = {isa = PBXFileReference; includeInIndex = 1; lastKnownFileType = sourcecode.swift; path = StationTests.swift; sourceTree = "<group>"; };
		BAEB6E6FCC1E45361860DA29 /* NamiAppTests.swift */ = {isa = PBXFileReference; includeInIndex = 1; lastKnownFileType = sourcecode.swift; path = NamiAppTests.swift; sourceTree = "<group>"; };
		DCF446DE2365522BFC3385FB /* RadioPlayerTests.swift */ = {isa = PBXFileReference; includeInIndex = 1; lastKnownFileType = sourcecode.swift; path = RadioPlayerTests.swift; sourceTree = "<group>"; };
		E1B808EB29CB22F206305F6C /* AppStateTests.swift */ = {isa = PBXFileReference; includeInIndex = 1; lastKnownFileType = sourcecode.swift; path = AppStateTests.swift; sourceTree = "<group>"; };
		E678A249627B4244E43BD6C9 /* NamiAppTests.swift */ = {isa = PBXFileReference; includeInIndex = 1; lastKnownFileType = sourcecode.swift; path = NamiAppTests.swift; sourceTree = "<group>"; };
/* End PBXFileReference section */

/* Begin PBXFrameworksBuildPhase section */
		A1000001238F00020 /* Frameworks */ = {
			isa = PBXFrameworksBuildPhase;
			buildActionMask = 2147483647;
			files = (
			);
			runOnlyForDeploymentPostprocessing = 0;
		};
		FFD282D72C732E605A8A25E0 /* Frameworks */ = {
			isa = PBXFrameworksBuildPhase;
			buildActionMask = 2147483647;
			files = (
				6B979B96C05A6999A5526221 /* Cocoa.framework in Frameworks */,
			);
			runOnlyForDeploymentPostprocessing = 0;
		};
/* End PBXFrameworksBuildPhase section */

/* Begin PBXGroup section */
		294A569C99F13BAD7EE7A298 /* Frameworks */ = {
			isa = PBXGroup;
			children = (
				46C95C62B7B694599BAA43C4 /* OS X */,
			);
			name = Frameworks;
			sourceTree = "<group>";
		};
		46C95C62B7B694599BAA43C4 /* OS X */ = {
			isa = PBXGroup;
			children = (
				9BEF01093A2E91907A83A2F5 /* Cocoa.framework */,
			);
			name = "OS X";
			sourceTree = "<group>";
		};
		A1000001238F00030 = {
			isa = PBXGroup;
			children = (
				A1000001238F00031 /* Nami */,
				A1000001238F00039 /* Products */,
				294A569C99F13BAD7EE7A298 /* Frameworks */,
				C54755EE49FC8BC523CD97A8 /* NamiTests */,
			);
			sourceTree = "<group>";
		};
		A1000001238F00031 /* Nami */ = {
			isa = PBXGroup;
			children = (
				A1000001238F00032 /* App */,
				A1000001238F00033 /* Audio */,
				A1000001238F00034 /* Models */,
				A1000001238F00035 /* Views */,
				A1000001238F00036 /* Resources */,
			);
			path = Nami;
			sourceTree = "<group>";
		};
		A1000001238F00032 /* App */ = {
			isa = PBXGroup;
			children = (
				A1000001238F00011 /* NamiApp.swift */,
			);
			path = App;
			sourceTree = "<group>";
		};
		A1000001238F00033 /* Audio */ = {
			isa = PBXGroup;
			children = (
				A1000001238F00013 /* RadioPlayer.swift */,
			);
			path = Audio;
			sourceTree = "<group>";
		};
		A1000001238F00034 /* Models */ = {
			isa = PBXGroup;
			children = (
				A1000001238F00012 /* AppState.swift */,
				A1000001238F00018 /* Station.swift */,
			);
			path = Models;
			sourceTree = "<group>";
		};
		A1000001238F00035 /* Views */ = {
			isa = PBXGroup;
			children = (
				A1000001238F00014 /* ContentView.swift */,
			);
			path = Views;
			sourceTree = "<group>";
		};
		A1000001238F00036 /* Resources */ = {
			isa = PBXGroup;
			children = (
				A1000001238F00016 /* Assets.xcassets */,
				A1000001238F00017 /* Info.plist */,
			);
			path = Resources;
			sourceTree = "<group>";
		};
		A1000001238F00039 /* Products */ = {
			isa = PBXGroup;
			children = (
				A1000001238F00010 /* Nami.app */,
				89716ABC7B83341F6EDC1683 /* NamiTests.xctest */,
				702452B03784E23B6F7F7ABD /* NamiTests.xctest */,
				5C9CB0809CD7BBDD720AE6EE /* NamiTests.xctest */,
				3A9D625C5793876D20CBCA6F /* NamiTests.xctest */,
				3EBBD69825021706B31A9B9A /* NamiTests.xctest */,
				2D4AC98D0A20665E65B5AD45 /* NamiTests.xctest */,
				197B328ABB09A8ADBA0C8ED2 /* NamiTests.xctest */,
				50142BB5077EA5A4587CC3D4 /* NamiTests.xctest */,
				2B05E1AA2493957B2AF4EEF9 /* NamiTests.xctest */,
				55182EB17ED23E28205F0E86 /* NamiTests.xctest */,
			);
			name = Products;
			sourceTree = "<group>";
		};
		C54755EE49FC8BC523CD97A8 /* NamiTests */ = {
			isa = PBXGroup;
			children = (
				2DB7EAE0A30B3CB88A83141E /* StationTests.swift */,
				500B7D6BEE0D6EEC0B4D03F6 /* AppStateTests.swift */,
				E678A249627B4244E43BD6C9 /* NamiAppTests.swift */,
				19EE1A3BF33D61BC5BDD76AA /* RadioPlayerTests.swift */,
			);
			name = NamiTests;
			path = NamiTests;
			sourceTree = "<group>";
		};
/* End PBXGroup section */

/* Begin PBXNativeTarget section */
		3D612C97494321A1D7B9507A /* NamiTests */ = {
			isa = PBXNativeTarget;
			buildConfigurationList = 8412AA5C55075CD46485CB20 /* Build configuration list for PBXNativeTarget "NamiTests" */;
			buildPhases = (
				EDD351A030688F93DC758706 /* Sources */,
				FFD282D72C732E605A8A25E0 /* Frameworks */,
				15732EFA42E6E863EBE6C951 /* Resources */,
			);
			buildRules = (
			);
			dependencies = (
				1FDCC9392E7B0C7DB365CF0D /* PBXTargetDependency */,
			);
			name = NamiTests;
			productName = NamiTests;
			productReference = 55182EB17ED23E28205F0E86 /* NamiTests.xctest */;
			productType = "com.apple.product-type.bundle.unit-test";
		};
		A1000001238F00040 /* Nami */ = {
			isa = PBXNativeTarget;
			buildConfigurationList = A1000001238F00060 /* Build configuration list for PBXNativeTarget "Nami" */;
			buildPhases = (
				A1000001238F00041 /* Sources */,
				A1000001238F00020 /* Frameworks */,
				A1000001238F00042 /* Resources */,
			);
			buildRules = (
			);
			dependencies = (
			);
			name = Nami;
			productName = Nami;
			productReference = A1000001238F00010 /* Nami.app */;
			productType = "com.apple.product-type.application";
		};
/* End PBXNativeTarget section */

/* Begin PBXProject section */
		A1000001238F00050 /* Project object */ = {
			isa = PBXProject;
			attributes = {
				BuildIndependentTargetsInParallel = 1;
				LastSwiftUpdateCheck = 1500;
				LastUpgradeCheck = 1500;
				TargetAttributes = {
					A1000001238F00040 = {
						CreatedOnToolsVersion = 15.0;
					};
				};
			};
			buildConfigurationList = A1000001238F00051 /* Build configuration list for PBXProject "Nami" */;
			compatibilityVersion = "Xcode 14.0";
			developmentRegion = en;
			hasScannedForEncodings = 0;
			knownRegions = (
				en,
				Base,
			);
			mainGroup = A1000001238F00030;
			productRefGroup = A1000001238F00039 /* Products */;
			projectDirPath = "";
			projectRoot = "";
			targets = (
				A1000001238F00040 /* Nami */,
				3D612C97494321A1D7B9507A /* NamiTests */,
			);
		};
/* End PBXProject section */

/* Begin PBXResourcesBuildPhase section */
		15732EFA42E6E863EBE6C951 /* Resources */ = {
			isa = PBXResourcesBuildPhase;
			buildActionMask = 2147483647;
			files = (
			);
			runOnlyForDeploymentPostprocessing = 0;
		};
		A1000001238F00042 /* Resources */ = {
			isa = PBXResourcesBuildPhase;
			buildActionMask = 2147483647;
			files = (
				A1000001238F00006 /* Assets.xcassets in Resources */,
			);
			runOnlyForDeploymentPostprocessing = 0;
		};
/* End PBXResourcesBuildPhase section */

/* Begin PBXSourcesBuildPhase section */
		A1000001238F00041 /* Sources */ = {
			isa = PBXSourcesBuildPhase;
			buildActionMask = 2147483647;
			files = (
				A1000001238F00001 /* NamiApp.swift in Sources */,
				A1000001238F00002 /* AppState.swift in Sources */,
				A1000001238F00003 /* RadioPlayer.swift in Sources */,
				A1000001238F00004 /* ContentView.swift in Sources */,
				A1000001238F00007 /* Station.swift in Sources */,
			);
			runOnlyForDeploymentPostprocessing = 0;
		};
		EDD351A030688F93DC758706 /* Sources */ = {
			isa = PBXSourcesBuildPhase;
			buildActionMask = 2147483647;
			files = (
				A2DC05661CA790CFA871C01C /* StationTests.swift in Sources */,
				6873B6114D0068DEC199F075 /* AppStateTests.swift in Sources */,
				D58222E7FB8CEEC85116B5D1 /* NamiAppTests.swift in Sources */,
				C996733EA9EFA680B868C3C4 /* RadioPlayerTests.swift in Sources */,
			);
			runOnlyForDeploymentPostprocessing = 0;
		};
/* End PBXSourcesBuildPhase section */

/* Begin PBXTargetDependency section */
		1FDCC9392E7B0C7DB365CF0D /* PBXTargetDependency */ = {
			isa = PBXTargetDependency;
			name = Nami;
			target = A1000001238F00040 /* Nami */;
			targetProxy = 362C20BA40981C2B0BD0D27A /* PBXContainerItemProxy */;
		};
/* End PBXTargetDependency section */

/* Begin XCBuildConfiguration section */
		3915F75BFB823376C0A3D7B8 /* Debug */ = {
			isa = XCBuildConfiguration;
			buildSettings = {
				BUNDLE_LOADER = "$(TEST_HOST)";
				CLANG_ENABLE_MODULES = YES;
				CODE_SIGN_STYLE = Automatic;
				GENERATE_INFOPLIST_FILE = YES;
				INFOPLIST_FILE = "";
				LD_RUNPATH_SEARCH_PATHS = (
					"$(inherited)",
					"@executable_path/../Frameworks",
					"@loader_path/../Frameworks",
				);
				MACOSX_DEPLOYMENT_TARGET = 14.0;
				PRODUCT_BUNDLE_IDENTIFIER = com.nami.NamiTests;
				PRODUCT_NAME = "$(TARGET_NAME)";
				SDKROOT = macosx;
				SWIFT_EMIT_LOC_STRINGS = NO;
				SWIFT_VERSION = 5.0;
				TEST_HOST = "$(BUILT_PRODUCTS_DIR)/Nami.app/Contents/MacOS/Nami";
			};
			name = Debug;
		};
		74E7009C235563E323D1A697 /* Debug */ = {
			isa = XCBuildConfiguration;
			buildSettings = {
				BUNDLE_LOADER = "$(TEST_HOST)";
				CLANG_ENABLE_MODULES = YES;
				CODE_SIGN_STYLE = Automatic;
				GENERATE_INFOPLIST_FILE = YES;
				INFOPLIST_FILE = "";
				LD_RUNPATH_SEARCH_PATHS = (
					"$(inherited)",
					"@executable_path/../Frameworks",
					"@loader_path/../Frameworks",
				);
				MACOSX_DEPLOYMENT_TARGET = 14.0;
				PRODUCT_BUNDLE_IDENTIFIER = com.nami.NamiTests;
				PRODUCT_NAME = "$(TARGET_NAME)";
				SDKROOT = macosx;
				SWIFT_EMIT_LOC_STRINGS = NO;
				SWIFT_VERSION = 5.0;
				TEST_HOST = "$(BUILT_PRODUCTS_DIR)/Nami.app/Contents/MacOS/Nami";
			};
			name = Debug;
		};
		A1000001238F00052 /* Debug */ = {
			isa = XCBuildConfiguration;
			buildSettings = {
				ALWAYS_SEARCH_USER_PATHS = NO;
				ASSETCATALOG_COMPILER_GENERATE_SWIFT_ASSET_SYMBOL_EXTENSIONS = YES;
				CLANG_ANALYZER_NONNULL = YES;
				CLANG_ANALYZER_NUMBER_OBJECT_CONVERSION = YES_AGGRESSIVE;
				CLANG_CXX_LANGUAGE_STANDARD = "gnu++20";
				CLANG_ENABLE_MODULES = YES;
				CLANG_ENABLE_OBJC_ARC = YES;
				CLANG_ENABLE_OBJC_WEAK = YES;
				CLANG_WARN_BLOCK_CAPTURE_AUTORELEASING = YES;
				CLANG_WARN_BOOL_CONVERSION = YES;
				CLANG_WARN_COMMA = YES;
				CLANG_WARN_CONSTANT_CONVERSION = YES;
				CLANG_WARN_DEPRECATED_OBJC_IMPLEMENTATIONS = YES;
				CLANG_WARN_DIRECT_OBJC_ISA_USAGE = YES_ERROR;
				CLANG_WARN_DOCUMENTATION_COMMENTS = YES;
				CLANG_WARN_EMPTY_BODY = YES;
				CLANG_WARN_ENUM_CONVERSION = YES;
				CLANG_WARN_INFINITE_RECURSION = YES;
				CLANG_WARN_INT_CONVERSION = YES;
				CLANG_WARN_NON_LITERAL_NULL_CONVERSION = YES;
				CLANG_WARN_OBJC_IMPLICIT_RETAIN_SELF = YES;
				CLANG_WARN_OBJC_LITERAL_CONVERSION = YES;
				CLANG_WARN_OBJC_ROOT_CLASS = YES_ERROR;
				CLANG_WARN_QUOTED_INCLUDE_IN_FRAMEWORK_HEADER = YES;
				CLANG_WARN_RANGE_LOOP_ANALYSIS = YES;
				CLANG_WARN_STRICT_PROTOTYPES = YES;
				CLANG_WARN_SUSPICIOUS_MOVE = YES;
				CLANG_WARN_UNGUARDED_AVAILABILITY = YES_AGGRESSIVE;
				CLANG_WARN_UNREACHABLE_CODE = YES;
				CLANG_WARN__DUPLICATE_METHOD_MATCH = YES;
				COPY_PHASE_STRIP = NO;
				DEBUG_INFORMATION_FORMAT = dwarf;
				ENABLE_STRICT_OBJC_MSGSEND = YES;
				ENABLE_TESTABILITY = YES;
				ENABLE_USER_SCRIPT_SANDBOXING = YES;
				GCC_C_LANGUAGE_STANDARD = gnu17;
				GCC_DYNAMIC_NO_PIC = NO;
				GCC_NO_COMMON_BLOCKS = YES;
				GCC_OPTIMIZATION_LEVEL = 0;
				GCC_PREPROCESSOR_DEFINITIONS = (
					"DEBUG=1",
					"$(inherited)",
				);
				GCC_WARN_64_TO_32_BIT_CONVERSION = YES;
				GCC_WARN_ABOUT_RETURN_TYPE = YES_ERROR;
				GCC_WARN_UNDECLARED_SELECTOR = YES;
				GCC_WARN_UNINITIALIZED_AUTOS = YES_AGGRESSIVE;
				GCC_WARN_UNUSED_FUNCTION = YES;
				GCC_WARN_UNUSED_VARIABLE = YES;
				MACOSX_DEPLOYMENT_TARGET = 14.0;
				MTL_ENABLE_DEBUG_INFO = INCLUDE_SOURCE;
				MTL_FAST_MATH = YES;
				ONLY_ACTIVE_ARCH = YES;
				SDKROOT = macosx;
				SWIFT_ACTIVE_COMPILATION_CONDITIONS = "DEBUG $(inherited)";
				SWIFT_OPTIMIZATION_LEVEL = "-Onone";
			};
			name = Debug;
		};
		A1000001238F00053 /* Release */ = {
			isa = XCBuildConfiguration;
			buildSettings = {
				ALWAYS_SEARCH_USER_PATHS = NO;
				ASSETCATALOG_COMPILER_GENERATE_SWIFT_ASSET_SYMBOL_EXTENSIONS = YES;
				CLANG_ANALYZER_NONNULL = YES;
				CLANG_ANALYZER_NUMBER_OBJECT_CONVERSION = YES_AGGRESSIVE;
				CLANG_CXX_LANGUAGE_STANDARD = "gnu++20";
				CLANG_ENABLE_MODULES = YES;
				CLANG_ENABLE_OBJC_ARC = YES;
				CLANG_ENABLE_OBJC_WEAK = YES;
				CLANG_WARN_BLOCK_CAPTURE_AUTORELEASING = YES;
				CLANG_WARN_BOOL_CONVERSION = YES;
				CLANG_WARN_COMMA = YES;
				CLANG_WARN_CONSTANT_CONVERSION = YES;
				CLANG_WARN_DEPRECATED_OBJC_IMPLEMENTATIONS = YES;
				CLANG_WARN_DIRECT_OBJC_ISA_USAGE = YES_ERROR;
				CLANG_WARN_DOCUMENTATION_COMMENTS = YES;
				CLANG_WARN_EMPTY_BODY = YES;
				CLANG_WARN_ENUM_CONVERSION = YES;
				CLANG_WARN_INFINITE_RECURSION = YES;
				CLANG_WARN_INT_CONVERSION = YES;
				CLANG_WARN_NON_LITERAL_NULL_CONVERSION = YES;
				CLANG_WARN_OBJC_IMPLICIT_RETAIN_SELF = YES;
				CLANG_WARN_OBJC_LITERAL_CONVERSION = YES;
				CLANG_WARN_OBJC_ROOT_CLASS = YES_ERROR;
				CLANG_WARN_QUOTED_INCLUDE_IN_FRAMEWORK_HEADER = YES;
				CLANG_WARN_RANGE_LOOP_ANALYSIS = YES;
				CLANG_WARN_STRICT_PROTOTYPES = YES;
				CLANG_WARN_SUSPICIOUS_MOVE = YES;
				CLANG_WARN_UNGUARDED_AVAILABILITY = YES_AGGRESSIVE;
				CLANG_WARN_UNREACHABLE_CODE = YES;
				CLANG_WARN__DUPLICATE_METHOD_MATCH = YES;
				COPY_PHASE_STRIP = NO;
				DEBUG_INFORMATION_FORMAT = "dwarf-with-dsym";
				ENABLE_NS_ASSERTIONS = NO;
				ENABLE_STRICT_OBJC_MSGSEND = YES;
				ENABLE_USER_SCRIPT_SANDBOXING = YES;
				GCC_C_LANGUAGE_STANDARD = gnu17;
				GCC_NO_COMMON_BLOCKS = YES;
				GCC_WARN_64_TO_32_BIT_CONVERSION = YES;
				GCC_WARN_ABOUT_RETURN_TYPE = YES_ERROR;
				GCC_WARN_UNDECLARED_SELECTOR = YES;
				GCC_WARN_UNINITIALIZED_AUTOS = YES_AGGRESSIVE;
				GCC_WARN_UNUSED_FUNCTION = YES;
				GCC_WARN_UNUSED_VARIABLE = YES;
				MACOSX_DEPLOYMENT_TARGET = 14.0;
				MTL_ENABLE_DEBUG_INFO = NO;
				MTL_FAST_MATH = YES;
				SDKROOT = macosx;
				SWIFT_COMPILATION_MODE = wholemodule;
			};
			name = Release;
		};
		A1000001238F00061 /* Debug */ = {
			isa = XCBuildConfiguration;
			buildSettings = {
				ASSETCATALOG_COMPILER_APPICON_NAME = AppIcon;
				ASSETCATALOG_COMPILER_GLOBAL_ACCENT_COLOR_NAME = AccentColor;
				CODE_SIGN_ENTITLEMENTS = "";
				CODE_SIGN_STYLE = Automatic;
				COMBINE_HIDPI_IMAGES = YES;
				CURRENT_PROJECT_VERSION = 1;
				DEVELOPMENT_TEAM = "";
				ENABLE_HARDENED_RUNTIME = YES;
				GENERATE_INFOPLIST_FILE = YES;
				INFOPLIST_FILE = Nami/Resources/Info.plist;
				INFOPLIST_KEY_CFBundleDisplayName = Nami;
				INFOPLIST_KEY_LSApplicationCategoryType = "public.app-category.music";
				INFOPLIST_KEY_NSHumanReadableCopyright = "";
				LD_RUNPATH_SEARCH_PATHS = (
					"$(inherited)",
					"@executable_path/../Frameworks",
				);
				MARKETING_VERSION = 1.0;
				PRODUCT_BUNDLE_IDENTIFIER = com.nami.app;
				PRODUCT_NAME = "$(TARGET_NAME)";
				SWIFT_EMIT_LOC_STRINGS = YES;
				SWIFT_STRICT_CONCURRENCY = complete;
				SWIFT_VERSION = 5.0;
			};
			name = Debug;
		};
		A1000001238F00062 /* Release */ = {
			isa = XCBuildConfiguration;
			buildSettings = {
				ASSETCATALOG_COMPILER_APPICON_NAME = AppIcon;
				ASSETCATALOG_COMPILER_GLOBAL_ACCENT_COLOR_NAME = AccentColor;
				CODE_SIGN_ENTITLEMENTS = "";
				CODE_SIGN_STYLE = Automatic;
				COMBINE_HIDPI_IMAGES = YES;
				CURRENT_PROJECT_VERSION = 1;
				DEVELOPMENT_TEAM = "";
				ENABLE_HARDENED_RUNTIME = YES;
				GENERATE_INFOPLIST_FILE = YES;
				INFOPLIST_FILE = Nami/Resources/Info.plist;
				INFOPLIST_KEY_CFBundleDisplayName = Nami;
				INFOPLIST_KEY_LSApplicationCategoryType = "public.app-category.music";
				INFOPLIST_KEY_NSHumanReadableCopyright = "";
				LD_RUNPATH_SEARCH_PATHS = (
					"$(inherited)",
					"@executable_path/../Frameworks",
				);
				MARKETING_VERSION = 1.0;
				PRODUCT_BUNDLE_IDENTIFIER = com.nami.app;
				PRODUCT_NAME = "$(TARGET_NAME)";
				SWIFT_EMIT_LOC_STRINGS = YES;
				SWIFT_STRICT_CONCURRENCY = complete;
				SWIFT_VERSION = 5.0;
			};
			name = Release;
		};
		C1CFE4FB6EB2B17EB4D1B527 /* Release */ = {
			isa = XCBuildConfiguration;
			buildSettings = {
				BUNDLE_LOADER = "$(TEST_HOST)";
				CLANG_ENABLE_MODULES = YES;
				CODE_SIGN_STYLE = Automatic;
				GENERATE_INFOPLIST_FILE = YES;
				INFOPLIST_FILE = "";
				LD_RUNPATH_SEARCH_PATHS = (
					"$(inherited)",
					"@executable_path/../Frameworks",
					"@loader_path/../Frameworks",
				);
				MACOSX_DEPLOYMENT_TARGET = 14.0;
				PRODUCT_BUNDLE_IDENTIFIER = com.nami.NamiTests;
				PRODUCT_NAME = "$(TARGET_NAME)";
				SDKROOT = macosx;
				SWIFT_EMIT_LOC_STRINGS = NO;
				SWIFT_VERSION = 5.0;
				TEST_HOST = "$(BUILT_PRODUCTS_DIR)/Nami.app/Contents/MacOS/Nami";
			};
			name = Release;
		};
		FF2DA9850800C34016616A78 /* Release */ = {
			isa = XCBuildConfiguration;
			buildSettings = {
				BUNDLE_LOADER = "$(TEST_HOST)";
				CLANG_ENABLE_MODULES = YES;
				CODE_SIGN_STYLE = Automatic;
				GENERATE_INFOPLIST_FILE = YES;
				INFOPLIST_FILE = "";
				LD_RUNPATH_SEARCH_PATHS = (
					"$(inherited)",
					"@executable_path/../Frameworks",
					"@loader_path/../Frameworks",
				);
				MACOSX_DEPLOYMENT_TARGET = 14.0;
				PRODUCT_BUNDLE_IDENTIFIER = com.nami.NamiTests;
				PRODUCT_NAME = "$(TARGET_NAME)";
				SDKROOT = macosx;
				SWIFT_EMIT_LOC_STRINGS = NO;
				SWIFT_VERSION = 5.0;
				TEST_HOST = "$(BUILT_PRODUCTS_DIR)/Nami.app/Contents/MacOS/Nami";
			};
			name = Release;
		};
/* End XCBuildConfiguration section */

/* Begin XCConfigurationList section */
		8412AA5C55075CD46485CB20 /* Build configuration list for PBXNativeTarget "NamiTests" */ = {
			isa = XCConfigurationList;
			buildConfigurations = (
				FF2DA9850800C34016616A78 /* Release */,
				74E7009C235563E323D1A697 /* Debug */,
			);
			defaultConfigurationIsVisible = 0;
			defaultConfigurationName = Release;
		};
		A1000001238F00051 /* Build configuration list for PBXProject "Nami" */ = {
			isa = XCConfigurationList;
			buildConfigurations = (
				A1000001238F00052 /* Debug */,
				A1000001238F00053 /* Release */,
			);
			defaultConfigurationIsVisible = 0;
			defaultConfigurationName = Release;
		};
		A1000001238F00060 /* Build configuration list for PBXNativeTarget "Nami" */ = {
			isa = XCConfigurationList;
			buildConfigurations = (
				A1000001238F00061 /* Debug */,
				A1000001238F00062 /* Release */,
			);
			defaultConfigurationIsVisible = 0;
			defaultConfigurationName = Release;
		};
/* End XCConfigurationList section */
	};
	rootObject = A1000001238F00050 /* Project object */;
}
